
Microsoft Visual Studio Solution File, Format Version 12.00
# Visual Studio Version 17
VisualStudioVersion = 17.6.33815.320
MinimumVisualStudioVersion = 10.0.40219.1
Project("{FAE04EC0-301F-11D3-BF4B-00C04F79EFBC}") = "GameZone", "GameZone.csproj", "{EE71319A-199F-435D-893A-3E03A7872909}"
EndProject
Global
	GlobalSection(SolutionConfigurationPlatforms) = preSolution
		Debug|Any CPU = Debug|Any CPU
		Release|Any CPU = Release|Any CPU
	EndGlobalSection
	GlobalSection(ProjectConfigurationPlatforms) = postSolution
		{EE71319A-199F-435D-893A-3E03A7872909}.Debug|Any CPU.ActiveCfg = Debug|Any CPU
		{EE71319A-199F-435D-893A-3E03A7872909}.Debug|Any CPU.Build.0 = Debug|Any CPU
		{EE71319A-199F-435D-893A-3E03A7872909}.Release|Any CPU.ActiveCfg = Release|Any CPU
		{EE71319A-199F-435D-893A-3E03A7872909}.Release|Any CPU.Build.0 = Release|Any CPU
	EndGlobalSection
	GlobalSection(SolutionProperties) = preSolution
		HideSolutionNode = FALSE
	EndGlobalSection
	GlobalSection(ExtensibilityGlobals) = postSolution
		SolutionGuid = {75E7B987-9400-4D9A-8D45-00CA8A90F68A}
	EndGlobalSection
EndGlobal
